
Microsoft Visual Studio Solution File, Format Version 12.00
# Visual Studio Version 17
VisualStudioVersion = 17.14.36518.9 d17.14
MinimumVisualStudioVersion = 10.0.40219.1
Project("{FAE04EC0-301F-11D3-BF4B-00C04F79EFBC}") = "tallerV1", "tallerV1.csproj", "{4CDCCBD6-9DEB-4E3C-83E8-15AA98E2ED24}"
EndProject
Global
	GlobalSection(SolutionConfigurationPlatforms) = preSolution
		Debug|Any CPU = Debug|Any CPU
		Release|Any CPU = Release|Any CPU
	EndGlobalSection
	GlobalSection(ProjectConfigurationPlatforms) = postSolution
		{4CDCCBD6-9DEB-4E3C-83E8-15AA98E2ED24}.Debug|Any CPU.ActiveCfg = Debug|Any CPU
		{4CDCCBD6-9DEB-4E3C-83E8-15AA98E2ED24}.Debug|Any CPU.Build.0 = Debug|Any CPU
		{4CDCCBD6-9DEB-4E3C-83E8-15AA98E2ED24}.Release|Any CPU.ActiveCfg = Release|Any CPU
		{4CDCCBD6-9DEB-4E3C-83E8-15AA98E2ED24}.Release|Any CPU.Build.0 = Release|Any CPU
	EndGlobalSection
	GlobalSection(SolutionProperties) = preSolution
		HideSolutionNode = FALSE
	EndGlobalSection
	GlobalSection(ExtensibilityGlobals) = postSolution
		SolutionGuid = {A4EE4702-97F1-4CD3-B995-5C9A53A41FE6}
	EndGlobalSection
EndGlobal
